
Microsoft Visual Studio Solution File, Format Version 12.00
# Visual Studio Version 16
VisualStudioVersion = 16.0.29215.179
MinimumVisualStudioVersion = 10.0.40219.1
Project("{FAE04EC0-301F-11D3-BF4B-00C04F79EFBC}") = "Random Numbers", "Random Numbers.csproj", "{E39FC1D7-D453-44AB-BA08-AEE047F247B5}"
EndProject
Global
	GlobalSection(SolutionConfigurationPlatforms) = preSolution
		Debug|Any CPU = Debug|Any CPU
		Release|Any CPU = Release|Any CPU
	EndGlobalSection
	GlobalSection(ProjectConfigurationPlatforms) = postSolution
		{E39FC1D7-D453-44AB-BA08-AEE047F247B5}.Debug|Any CPU.ActiveCfg = Debug|Any CPU
		{E39FC1D7-D453-44AB-BA08-AEE047F247B5}.Debug|Any CPU.Build.0 = Debug|Any CPU
		{E39FC1D7-D453-44AB-BA08-AEE047F247B5}.Release|Any CPU.ActiveCfg = Release|Any CPU
		{E39FC1D7-D453-44AB-BA08-AEE047F247B5}.Release|Any CPU.Build.0 = Release|Any CPU
	EndGlobalSection
	GlobalSection(SolutionProperties) = preSolution
		HideSolutionNode = FALSE
	EndGlobalSection
	GlobalSection(ExtensibilityGlobals) = postSolution
		SolutionGuid = {6F58AD71-A1F8-4943-BB8F-CF4B0EDFCA2F}
	EndGlobalSection
EndGlobal
